github.com/golang/protobuf v1.3.2 h1:6nsPYzhq5kReh6QImI3k5qWzO4PEbvbIW2cwSfR/6xs=
github.com/golang/protobuf v1.3.2/go.mod h1:6lQm79b+lXiMfvg/cZm0SGofjICqVBUtrP5yJMmIC1U=
github.com/gotask/gost v0.0.0-20200126032612-9d83d801fae6 h1:A1MDdkxPI806jZ8g08f3BfH8t6cBqxX3F0T+Sfzbvlo=
github.com/gotask/gost v0.0.0-20200126032612-9d83d801fae6/go.mod h1:aEM6Yi/mS53IuosZ4COxdgHSiV3p+I4Z1bAcV7b3N90=
